Microsoft Visual Studio Solution File, Format Version 12.00
# Visual Studio Version 16
VisualStudioVersion = 16.0.0.0
MinimumVisualStudioVersion = 16.0.0.0
Project("{9A19103F-16F7-4668-BE54-9A1E7A4F7556}") = "MyApplication", "MyApplication\MyApplication.csproj", "{499F9250-7FCB-45B5-9893-2E04819CC54B}"
EndProject
Project("{9A19103F-16F7-4668-BE54-9A1E7A4F7556}") = "MyApplication.Client", "MyApplication.Client\MyApplication.Client.csproj", "{24086338-49F6-401A-84F8-E7876BDC4F18}"
EndProject
Global
	GlobalSection(SolutionConfigurationPlatforms) = preSolution
		Debug|Any CPU = Debug|Any CPU
		Debug|x64 = Debug|x64
		Debug|x86 = Debug|x86
		Release|Any CPU = Release|Any CPU
		Release|x64 = Release|x64
		Release|x86 = Release|x86
	EndGlobalSection
	GlobalSection(ProjectConfigurationPlatforms) = postSolution
		{24086338-49F6-401A-84F8-E7876BDC4F18}.Debug|Any CPU.ActiveCfg = Debug|Any CPU
		{24086338-49F6-401A-84F8-E7876BDC4F18}.Debug|Any CPU.Build.0 = Debug|Any CPU
		{24086338-49F6-401A-84F8-E7876BDC4F18}.Debug|x64.ActiveCfg = Debug|Any CPU
		{24086338-49F6-401A-84F8-E7876BDC4F18}.Debug|x64.Build.0 = Debug|Any CPU
		{24086338-49F6-401A-84F8-E7876BDC4F18}.Debug|x86.ActiveCfg = Debug|Any CPU
		{24086338-49F6-401A-84F8-E7876BDC4F18}.Debug|x86.Build.0 = Debug|Any CPU
		{24086338-49F6-401A-84F8-E7876BDC4F18}.Release|Any CPU.ActiveCfg = Release|Any CPU
		{24086338-49F6-401A-84F8-E7876BDC4F18}.Release|Any CPU.Build.0 = Release|Any CPU
		{24086338-49F6-401A-84F8-E7876BDC4F18}.Release|x64.ActiveCfg = Release|Any CPU
		{24086338-49F6-401A-84F8-E7876BDC4F18}.Release|x64.Build.0 = Release|Any CPU
		{24086338-49F6-401A-84F8-E7876BDC4F18}.Release|x86.ActiveCfg = Release|Any CPU
		{24086338-49F6-401A-84F8-E7876BDC4F18}.Release|x86.Build.0 = Release|Any CPU
		{499F9250-7FCB-45B5-9893-2E04819CC54B}.Debug|Any CPU.ActiveCfg = Debug|Any CPU
		{499F9250-7FCB-45B5-9893-2E04819CC54B}.Debug|Any CPU.Build.0 = Debug|Any CPU
		{499F9250-7FCB-45B5-9893-2E04819CC54B}.Debug|x64.ActiveCfg = Debug|Any CPU
		{499F9250-7FCB-45B5-9893-2E04819CC54B}.Debug|x64.Build.0 = Debug|Any CPU
		{499F9250-7FCB-45B5-9893-2E04819CC54B}.Debug|x86.ActiveCfg = Debug|Any CPU
		{499F9250-7FCB-45B5-9893-2E04819CC54B}.Debug|x86.Build.0 = Debug|Any CPU
		{499F9250-7FCB-45B5-9893-2E04819CC54B}.Release|Any CPU.ActiveCfg = Release|Any CPU
		{499F9250-7FCB-45B5-9893-2E04819CC54B}.Release|Any CPU.Build.0 = Release|Any CPU
		{499F9250-7FCB-45B5-9893-2E04819CC54B}.Release|x64.ActiveCfg = Release|Any CPU
		{499F9250-7FCB-45B5-9893-2E04819CC54B}.Release|x64.Build.0 = Release|Any CPU
		{499F9250-7FCB-45B5-9893-2E04819CC54B}.Release|x86.ActiveCfg = Release|Any CPU
		{499F9250-7FCB-45B5-9893-2E04819CC54B}.Release|x86.Build.0 = Release|Any CPU
	EndGlobalSection
	GlobalSection(SolutionProperties) = preSolution
		HideSolutionNode = FALSE
	EndGlobalSection
	GlobalSection(ExtensibilityGlobals) = postSolution
		SolutionGuid = {32ECC4A7-2EA3-4A6E-8397-F445F9585C4E}
	EndGlobalSection
EndGlobal
